
Microsoft Visual Studio Solution File, Format Version 12.00
# Visual Studio 14
VisualStudioVersion = 14.0.24720.0
MinimumVisualStudioVersion = 10.0.40219.1
Project("{FAE04EC0-301F-11D3-BF4B-00C04F79EFBC}") = "01.registeredUsers", "LambdaLinqExercises\01.registeredUsers.csproj", "{35BD8A9E-CACA-4802-B268-BBDC15C43140}"
EndProject
Project("{FAE04EC0-301F-11D3-BF4B-00C04F79EFBC}") = "02.defaultValues", "02.defaultValues\02.defaultValues.csproj", "{F4B628C4-F3A0-4798-B9ED-0E7F685A1811}"
EndProject
Global
	GlobalSection(SolutionConfigurationPlatforms) = preSolution
		Debug|Any CPU = Debug|Any CPU
		Release|Any CPU = Release|Any CPU
	EndGlobalSection
	GlobalSection(ProjectConfigurationPlatforms) = postSolution
		{35BD8A9E-CACA-4802-B268-BBDC15C43140}.Debug|Any CPU.ActiveCfg = Debug|Any CPU
		{35BD8A9E-CACA-4802-B268-BBDC15C43140}.Debug|Any CPU.Build.0 = Debug|Any CPU
		{35BD8A9E-CACA-4802-B268-BBDC15C43140}.Release|Any CPU.ActiveCfg = Release|Any CPU
		{35BD8A9E-CACA-4802-B268-BBDC15C43140}.Release|Any CPU.Build.0 = Release|Any CPU
		{F4B628C4-F3A0-4798-B9ED-0E7F685A1811}.Debug|Any CPU.ActiveCfg = Debug|Any CPU
		{F4B628C4-F3A0-4798-B9ED-0E7F685A1811}.Debug|Any CPU.Build.0 = Debug|Any CPU
		{F4B628C4-F3A0-4798-B9ED-0E7F685A1811}.Release|Any CPU.ActiveCfg = Release|Any CPU
		{F4B628C4-F3A0-4798-B9ED-0E7F685A1811}.Release|Any CPU.Build.0 = Release|Any CPU
	EndGlobalSection
	GlobalSection(SolutionProperties) = preSolution
		HideSolutionNode = FALSE
	EndGlobalSection
EndGlobal
